{
  "name": "zen-monorepo",
  "version": "0.0.0",
  "lockfileVersion": 3,
  "requires": true,
  "packages": {
    "": {
      "name": "zen-monorepo",
      "version": "0.0.0",
      "license": "MIT",
      "workspaces": [
        "packages/*",
        "examples/*"
      ],
      "devDependencies": {
        "@types/node": "^22.20.4",
        "parse5": "^8.0.1",
        "typescript": "^5.9.2"
      },
      "engines": {
        "node": ">=22.18.0"
      }
    },
    "examples/coercion": {
      "name": "@erenthedeveloper0/zen-example-coercion",
      "version": "0.0.0",
      "dependencies": {
        "@erenthedeveloper0/zen": "0.1.0-alpha.2",
        "zod": "^4.6.5"
      }
    },
    "examples/config": {
      "name": "@erenthedeveloper0/zen-example-config",
      "version": "0.0.0",
      "dependencies": {
        "@erenthedeveloper0/zen": "0.1.0-alpha.2",
        "zod": "^4.6.5"
      }
    },
    "examples/deadlines": {
      "name": "@erenthedeveloper0/zen-example-deadlines",
      "version": "0.0.0",
      "dependencies": {
        "@erenthedeveloper0/zen": "0.1.0-alpha.2",
        "zod": "^4.6.5"
      }
    },
    "examples/health": {
      "name": "@erenthedeveloper0/zen-example-health",
      "version": "0.0.0",
      "dependencies": {
        "@erenthedeveloper0/zen": "0.1.0-alpha.2"
      }
    },
    "examples/hello-world": {
      "name": "@erenthedeveloper0/zen-example-hello-world",
      "version": "0.0.0",
      "dependencies": {
        "@erenthedeveloper0/zen": "0.1.0-alpha.2"
      }
    },
    "examples/middleware": {
      "name": "@erenthedeveloper0/zen-example-middleware",
      "version": "0.0.0",
      "dependencies": {
        "@erenthedeveloper0/zen": "0.1.0-alpha.2",
        "@erenthedeveloper0/zen-middleware": "0.1.0-alpha.2",
        "zod": "^4.6.5"
      }
    },
    "examples/negotiation": {
      "name": "@erenthedeveloper0/zen-example-negotiation",
      "version": "0.0.0",
      "dependencies": {
        "@erenthedeveloper0/zen": "0.1.0-alpha.2",
        "zod": "^4.6.5"
      }
    },
    "examples/observability": {
      "name": "@erenthedeveloper0/zen-example-observability",
      "version": "0.0.0",
      "dependencies": {
        "@erenthedeveloper0/zen": "0.1.0-alpha.2",
        "zod": "^4.6.5"
      }
    },
    "examples/openapi": {
      "name": "@erenthedeveloper0/zen-example-openapi",
      "version": "0.0.0",
      "dependencies": {
        "@erenthedeveloper0/zen": "0.1.0-alpha.2",
        "@erenthedeveloper0/zen-openapi": "0.1.0-alpha.2",
        "zod": "^4.6.5"
      }
    },
    "examples/rest-api": {
      "name": "@erenthedeveloper0/zen-example-rest-api",
      "version": "0.0.0",
      "dependencies": {
        "@erenthedeveloper0/zen": "0.1.0-alpha.2"
      }
    },
    "node_modules/@erenthedeveloper0/zen": {
      "resolved": "packages/zen",
      "link": true
    },
    "node_modules/@erenthedeveloper0/zen-adapter-node": {
      "resolved": "packages/adapter-node",
      "link": true
    },
    "node_modules/@erenthedeveloper0/zen-core": {
      "resolved": "packages/core",
      "link": true
    },
    "node_modules/@erenthedeveloper0/zen-example-coercion": {
      "resolved": "examples/coercion",
      "link": true
    },
    "node_modules/@erenthedeveloper0/zen-example-config": {
      "resolved": "examples/config",
      "link": true
    },
    "node_modules/@erenthedeveloper0/zen-example-deadlines": {
      "resolved": "examples/deadlines",
      "link": true
    },
    "node_modules/@erenthedeveloper0/zen-example-health": {
      "resolved": "examples/health",
      "link": true
    },
    "node_modules/@erenthedeveloper0/zen-example-hello-world": {
      "resolved": "examples/hello-world",
      "link": true
    },
    "node_modules/@erenthedeveloper0/zen-example-middleware": {
      "resolved": "examples/middleware",
      "link": true
    },
    "node_modules/@erenthedeveloper0/zen-example-negotiation": {
      "resolved": "examples/negotiation",
      "link": true
    },
    "node_modules/@erenthedeveloper0/zen-example-observability": {
      "resolved": "examples/observability",
      "link": true
    },
    "node_modules/@erenthedeveloper0/zen-example-openapi": {
      "resolved": "examples/openapi",
      "link": true
    },
    "node_modules/@erenthedeveloper0/zen-example-rest-api": {
      "resolved": "examples/rest-api",
      "link": true
    },
    "node_modules/@erenthedeveloper0/zen-middleware": {
      "resolved": "packages/middleware",
      "link": true
    },
    "node_modules/@erenthedeveloper0/zen-openapi": {
      "resolved": "packages/openapi",
      "link": true
    },
    "node_modules/@erenthedeveloper0/zen-router": {
      "resolved": "packages/router",
      "link": true
    },
    "node_modules/@types/node": {
      "version": "22.20.5",
      "resolved": "https://registry.npmjs.org/@types/node/-/node-22.20.5.tgz",
      "integrity": "sha512-U2+DNr+wSjpsTS/wZGYHq7GcwfuSmKiKvoPvK22zwTlRhU91yOniN4qRR5KhIjvif7ysw/dz/hKmfDH0Ris4aA==",
      "dev": true,
      "license": "MIT",
      "dependencies": {
        "undici-types": "~6.21.0"
      }
    },
    "node_modules/entities": {
      "version": "8.1.0",
      "resolved": "https://registry.npmjs.org/entities/-/entities-8.1.0.tgz",
      "integrity": "sha512-kxL7msIffSuh9aaFAMD7rxAIuTRMAHMeBtgHW2yUdWw732ZNh4MehkF2gdjvtdmikkaIP9bFDDJOPlsvm7avrA==",
      "dev": true,
      "license": "BSD-2-Clause",
      "engines": {
        "node": ">=20.19.0"
      },
      "funding": {
        "url": "https://github.com/fb55/entities?sponsor=1"
      }
    },
    "node_modules/parse5": {
      "version": "8.0.1",
      "resolved": "https://registry.npmjs.org/parse5/-/parse5-8.0.1.tgz",
      "integrity": "sha512-z1e/HMG90obSGeidlli3hj7cbocou0/wa5HacvI3ASx34PecNjNQeaHNo5WIZpWofN9kgkqV1q5YvXe3F0FoPw==",
      "dev": true,
      "license": "MIT",
      "dependencies": {
        "entities": "^8.0.0"
      },
      "funding": {
        "url": "https://github.com/inikulin/parse5?sponsor=1"
      }
    },
    "node_modules/typescript": {
      "version": "5.9.3",
      "resolved": "https://registry.npmjs.org/typescript/-/typescript-5.9.3.tgz",
      "integrity": "sha512-jl1vZzPDinLr9eUt3J/t7V6FgNEw9QjvBPdysz9KfQDD41fQrC2Y4vKQdiaUpFT4bXlb1RHhLpp8wtm6M5TgSw==",
      "devOptional": true,
      "license": "Apache-2.0",
      "bin": {
        "tsc": "bin/tsc",
        "tsserver": "bin/tsserver"
      },
      "engines": {
        "node": ">=14.17"
      }
    },
    "node_modules/undici-types": {
      "version": "6.21.0",
      "resolved": "https://registry.npmjs.org/undici-types/-/undici-types-6.21.0.tgz",
      "integrity": "sha512-iwDZqg0QAGrg9Rav5H4n0M64c3mkR59cJ6wQp+7C4nI0gsmExaedaYLNO44eT4AtBBwjbTiGPMlt2Md0T9H9JQ==",
      "dev": true,
      "license": "MIT"
    },
    "node_modules/zod": {
      "version": "4.6.5",
      "resolved": "https://registry.npmjs.org/zod/-/zod-4.6.5.tgz",
      "integrity": "sha512-v5l/aFXZQeai4awLbOpSoHecE9UiMrnfx75tEXLjNonXVARxQ5mOeipTjROUchszUNCqnE+hqAMujRsRHsut2Q==",
      "license": "MIT",
      "funding": {
        "url": "https://github.com/sponsors/colinhacks"
      }
    },
    "packages/adapter-node": {
      "name": "@erenthedeveloper0/zen-adapter-node",
      "version": "0.1.0-alpha.2",
      "license": "MIT",
      "dependencies": {
        "@erenthedeveloper0/zen-core": "0.1.0-alpha.2"
      },
      "devDependencies": {
        "@erenthedeveloper0/zen-router": "0.1.0-alpha.2"
      },
      "engines": {
        "node": ">=22.6.0"
      },
      "peerDependencies": {
        "typescript": ">=5.0"
      },
      "peerDependenciesMeta": {
        "typescript": {
          "optional": true
        }
      }
    },
    "packages/core": {
      "name": "@erenthedeveloper0/zen-core",
      "version": "0.1.0-alpha.2",
      "license": "MIT",
      "engines": {
        "node": ">=22.6.0"
      },
      "peerDependencies": {
        "typescript": ">=5.0"
      },
      "peerDependenciesMeta": {
        "typescript": {
          "optional": true
        }
      }
    },
    "packages/middleware": {
      "name": "@erenthedeveloper0/zen-middleware",
      "version": "0.1.0-alpha.2",
      "license": "MIT",
      "dependencies": {
        "@erenthedeveloper0/zen-core": "0.1.0-alpha.2"
      },
      "engines": {
        "node": ">=22.6.0"
      },
      "peerDependencies": {
        "typescript": ">=5.0"
      },
      "peerDependenciesMeta": {
        "typescript": {
          "optional": true
        }
      }
    },
    "packages/openapi": {
      "name": "@erenthedeveloper0/zen-openapi",
      "version": "0.1.0-alpha.2",
      "license": "MIT",
      "dependencies": {
        "@erenthedeveloper0/zen-core": "0.1.0-alpha.2"
      },
      "engines": {
        "node": ">=22.6.0"
      },
      "peerDependencies": {
        "typescript": ">=5.0"
      },
      "peerDependenciesMeta": {
        "typescript": {
          "optional": true
        }
      }
    },
    "packages/router": {
      "name": "@erenthedeveloper0/zen-router",
      "version": "0.1.0-alpha.2",
      "license": "MIT",
      "dependencies": {
        "@erenthedeveloper0/zen-core": "0.1.0-alpha.2"
      },
      "engines": {
        "node": ">=22.6.0"
      },
      "peerDependencies": {
        "typescript": ">=5.0"
      },
      "peerDependenciesMeta": {
        "typescript": {
          "optional": true
        }
      }
    },
    "packages/zen": {
      "name": "@erenthedeveloper0/zen",
      "version": "0.1.0-alpha.2",
      "license": "MIT",
      "dependencies": {
        "@erenthedeveloper0/zen-adapter-node": "0.1.0-alpha.2",
        "@erenthedeveloper0/zen-core": "0.1.0-alpha.2",
        "@erenthedeveloper0/zen-middleware": "0.1.0-alpha.2",
        "@erenthedeveloper0/zen-router": "0.1.0-alpha.2"
      },
      "engines": {
        "node": ">=22.6.0"
      },
      "peerDependencies": {
        "typescript": ">=5.0"
      },
      "peerDependenciesMeta": {
        "typescript": {
          "optional": true
        }
      }
    }
  }
}
